dependencies:
- name: postgresql
  repository: https://charts.bitnami.com/bitnami
  version: 18.6.2
- name: metrics-server
  repository: https://kubernetes-sigs.github.io/metrics-server/
  version: 3.12.1
digest: sha256:a84208ac24f3cf40623a7c2baff69eae0990f631c9da288111d749aced6718b6
generated: "2026-04-30T19:04:40.4195129+03:00"
